
Microsoft Visual Studio Solution File, Format Version 12.00
# Visual Studio Version 16
VisualStudioVersion = 16.0.33328.57
MinimumVisualStudioVersion = 10.0.40219.1
Project("{FAE04EC0-301F-11D3-BF4B-00C04F79EFBC}") = "Generics_Assignment", "Generics_Assignment\Generics_Assignment.csproj", "{704A4C42-0E56-4814-8039-E0BE427A4FA3}"
EndProject
Global
	GlobalSection(SolutionConfigurationPlatforms) = preSolution
		Debug|Any CPU = Debug|Any CPU
		Release|Any CPU = Release|Any CPU
	EndGlobalSection
	GlobalSection(ProjectConfigurationPlatforms) = postSolution
		{704A4C42-0E56-4814-8039-E0BE427A4FA3}.Debug|Any CPU.ActiveCfg = Debug|Any CPU
		{704A4C42-0E56-4814-8039-E0BE427A4FA3}.Debug|Any CPU.Build.0 = Debug|Any CPU
		{704A4C42-0E56-4814-8039-E0BE427A4FA3}.Release|Any CPU.ActiveCfg = Release|Any CPU
		{704A4C42-0E56-4814-8039-E0BE427A4FA3}.Release|Any CPU.Build.0 = Release|Any CPU
	EndGlobalSection
	GlobalSection(SolutionProperties) = preSolution
		HideSolutionNode = FALSE
	EndGlobalSection
	GlobalSection(ExtensibilityGlobals) = postSolution
		SolutionGuid = {FE67E5F6-9E77-48F6-A79D-CEF9FBC41ED7}
	EndGlobalSection
EndGlobal
