
Microsoft Visual Studio Solution File, Format Version 12.00
# Visual Studio Version 16
VisualStudioVersion = 16.0.33328.57
MinimumVisualStudioVersion = 10.0.40219.1
Project("{FAE04EC0-301F-11D3-BF4B-00C04F79EFBC}") = "Methods_continued3", "Methods_continued3\Methods_continued3.csproj", "{DAC9DC66-9FCD-4FBA-91DC-E12AD01D5D42}"
EndProject
Global
	GlobalSection(SolutionConfigurationPlatforms) = preSolution
		Debug|Any CPU = Debug|Any CPU
		Release|Any CPU = Release|Any CPU
	EndGlobalSection
	GlobalSection(ProjectConfigurationPlatforms) = postSolution
		{DAC9DC66-9FCD-4FBA-91DC-E12AD01D5D42}.Debug|Any CPU.ActiveCfg = Debug|Any CPU
		{DAC9DC66-9FCD-4FBA-91DC-E12AD01D5D42}.Debug|Any CPU.Build.0 = Debug|Any CPU
		{DAC9DC66-9FCD-4FBA-91DC-E12AD01D5D42}.Release|Any CPU.ActiveCfg = Release|Any CPU
		{DAC9DC66-9FCD-4FBA-91DC-E12AD01D5D42}.Release|Any CPU.Build.0 = Release|Any CPU
	EndGlobalSection
	GlobalSection(SolutionProperties) = preSolution
		HideSolutionNode = FALSE
	EndGlobalSection
	GlobalSection(ExtensibilityGlobals) = postSolution
		SolutionGuid = {63E4C960-484F-4A00-92D7-7886790FD389}
	EndGlobalSection
EndGlobal
