
Microsoft Visual Studio Solution File, Format Version 12.00
# Visual Studio Version 16
VisualStudioVersion = 16.0.33328.57
MinimumVisualStudioVersion = 10.0.40219.1
Project("{FAE04EC0-301F-11D3-BF4B-00C04F79EFBC}") = "Books_Console_project", "Books_Console_project\Books_Console_project.csproj", "{8385E34D-FD44-420A-B970-F01E17A84D4B}"
EndProject
Global
	GlobalSection(SolutionConfigurationPlatforms) = preSolution
		Debug|Any CPU = Debug|Any CPU
		Release|Any CPU = Release|Any CPU
	EndGlobalSection
	GlobalSection(ProjectConfigurationPlatforms) = postSolution
		{8385E34D-FD44-420A-B970-F01E17A84D4B}.Debug|Any CPU.ActiveCfg = Debug|Any CPU
		{8385E34D-FD44-420A-B970-F01E17A84D4B}.Debug|Any CPU.Build.0 = Debug|Any CPU
		{8385E34D-FD44-420A-B970-F01E17A84D4B}.Release|Any CPU.ActiveCfg = Release|Any CPU
		{8385E34D-FD44-420A-B970-F01E17A84D4B}.Release|Any CPU.Build.0 = Release|Any CPU
	EndGlobalSection
	GlobalSection(SolutionProperties) = preSolution
		HideSolutionNode = FALSE
	EndGlobalSection
	GlobalSection(ExtensibilityGlobals) = postSolution
		SolutionGuid = {276920C7-D907-4DAE-BEE6-12B61B502326}
	EndGlobalSection
EndGlobal
