
Microsoft Visual Studio Solution File, Format Version 12.00
# Visual Studio Version 16
VisualStudioVersion = 16.0.33328.57
MinimumVisualStudioVersion = 10.0.40219.1
Project("{FAE04EC0-301F-11D3-BF4B-00C04F79EFBC}") = "LAMBDA_Assignment", "LAMBDA_Assignment\LAMBDA_Assignment.csproj", "{03344DB5-7854-4D84-B60F-D688FBB5554D}"
EndProject
Global
	GlobalSection(SolutionConfigurationPlatforms) = preSolution
		Debug|Any CPU = Debug|Any CPU
		Release|Any CPU = Release|Any CPU
	EndGlobalSection
	GlobalSection(ProjectConfigurationPlatforms) = postSolution
		{03344DB5-7854-4D84-B60F-D688FBB5554D}.Debug|Any CPU.ActiveCfg = Debug|Any CPU
		{03344DB5-7854-4D84-B60F-D688FBB5554D}.Debug|Any CPU.Build.0 = Debug|Any CPU
		{03344DB5-7854-4D84-B60F-D688FBB5554D}.Release|Any CPU.ActiveCfg = Release|Any CPU
		{03344DB5-7854-4D84-B60F-D688FBB5554D}.Release|Any CPU.Build.0 = Release|Any CPU
	EndGlobalSection
	GlobalSection(SolutionProperties) = preSolution
		HideSolutionNode = FALSE
	EndGlobalSection
	GlobalSection(ExtensibilityGlobals) = postSolution
		SolutionGuid = {54C93113-E9DA-4CE4-8B0D-7A59E44C97FB}
	EndGlobalSection
EndGlobal
