
Microsoft Visual Studio Solution File, Format Version 12.00
# Visual Studio Version 16
VisualStudioVersion = 16.0.33328.57
MinimumVisualStudioVersion = 10.0.40219.1
Project("{FAE04EC0-301F-11D3-BF4B-00C04F79EFBC}") = "Method_Continue4", "Method_Continue4\Method_Continue4.csproj", "{C7BCDC44-EA08-4BE4-AD3B-BEB929279270}"
EndProject
Global
	GlobalSection(SolutionConfigurationPlatforms) = preSolution
		Debug|Any CPU = Debug|Any CPU
		Release|Any CPU = Release|Any CPU
	EndGlobalSection
	GlobalSection(ProjectConfigurationPlatforms) = postSolution
		{C7BCDC44-EA08-4BE4-AD3B-BEB929279270}.Debug|Any CPU.ActiveCfg = Debug|Any CPU
		{C7BCDC44-EA08-4BE4-AD3B-BEB929279270}.Debug|Any CPU.Build.0 = Debug|Any CPU
		{C7BCDC44-EA08-4BE4-AD3B-BEB929279270}.Release|Any CPU.ActiveCfg = Release|Any CPU
		{C7BCDC44-EA08-4BE4-AD3B-BEB929279270}.Release|Any CPU.Build.0 = Release|Any CPU
	EndGlobalSection
	GlobalSection(SolutionProperties) = preSolution
		HideSolutionNode = FALSE
	EndGlobalSection
	GlobalSection(ExtensibilityGlobals) = postSolution
		SolutionGuid = {843D1498-8BF1-40B6-B115-5FAF7A5F204C}
	EndGlobalSection
EndGlobal
