
Microsoft Visual Studio Solution File, Format Version 12.00
# Visual Studio Version 16
VisualStudioVersion = 16.0.33328.57
MinimumVisualStudioVersion = 10.0.40219.1
Project("{FAE04EC0-301F-11D3-BF4B-00C04F79EFBC}") = "ConsoleApp_project", "ConsoleApp_project\ConsoleApp_project.csproj", "{0DBB30A3-4801-4E0A-BF6A-DBE2CD5D0B8D}"
EndProject
Global
	GlobalSection(SolutionConfigurationPlatforms) = preSolution
		Debug|Any CPU = Debug|Any CPU
		Release|Any CPU = Release|Any CPU
	EndGlobalSection
	GlobalSection(ProjectConfigurationPlatforms) = postSolution
		{0DBB30A3-4801-4E0A-BF6A-DBE2CD5D0B8D}.Debug|Any CPU.ActiveCfg = Debug|Any CPU
		{0DBB30A3-4801-4E0A-BF6A-DBE2CD5D0B8D}.Debug|Any CPU.Build.0 = Debug|Any CPU
		{0DBB30A3-4801-4E0A-BF6A-DBE2CD5D0B8D}.Release|Any CPU.ActiveCfg = Release|Any CPU
		{0DBB30A3-4801-4E0A-BF6A-DBE2CD5D0B8D}.Release|Any CPU.Build.0 = Release|Any CPU
	EndGlobalSection
	GlobalSection(SolutionProperties) = preSolution
		HideSolutionNode = FALSE
	EndGlobalSection
	GlobalSection(ExtensibilityGlobals) = postSolution
		SolutionGuid = {343CF749-9AFE-41D3-AD92-524936523C83}
	EndGlobalSection
EndGlobal
