
Microsoft Visual Studio Solution File, Format Version 12.00
# Visual Studio Version 16
VisualStudioVersion = 16.0.33328.57
MinimumVisualStudioVersion = 10.0.40219.1
Project("{FAE04EC0-301F-11D3-BF4B-00C04F79EFBC}") = "Method_3", "Method_3\Method_3.csproj", "{660874A9-840C-4B36-80F0-F9EDB478A243}"
EndProject
Global
	GlobalSection(SolutionConfigurationPlatforms) = preSolution
		Debug|Any CPU = Debug|Any CPU
		Release|Any CPU = Release|Any CPU
	EndGlobalSection
	GlobalSection(ProjectConfigurationPlatforms) = postSolution
		{660874A9-840C-4B36-80F0-F9EDB478A243}.Debug|Any CPU.ActiveCfg = Debug|Any CPU
		{660874A9-840C-4B36-80F0-F9EDB478A243}.Debug|Any CPU.Build.0 = Debug|Any CPU
		{660874A9-840C-4B36-80F0-F9EDB478A243}.Release|Any CPU.ActiveCfg = Release|Any CPU
		{660874A9-840C-4B36-80F0-F9EDB478A243}.Release|Any CPU.Build.0 = Release|Any CPU
	EndGlobalSection
	GlobalSection(SolutionProperties) = preSolution
		HideSolutionNode = FALSE
	EndGlobalSection
	GlobalSection(ExtensibilityGlobals) = postSolution
		SolutionGuid = {C81769F4-6B7D-4BA6-A0AE-266E16FFC98C}
	EndGlobalSection
EndGlobal
